
Microsoft Visual Studio Solution File, Format Version 12.00
# Visual Studio Version 17
VisualStudioVersion = 17.10.34916.146
MinimumVisualStudioVersion = 10.0.40219.1

Project("{FAE04EC0-301F-11D3-BF4B-00C04F79EFBC}") = "GUI", "GUI\GUI.csproj", "{32E5C74E-AAA6-4645-B3D9-CE8F8B779DD6}"
EndProject

Project("{FAE04EC0-301F-11D3-BF4B-00C04F79EFBC}") = "BLL", "BLL\BLL.csproj", "{67DAEB88-02B3-4FE8-9773-4DF00F649365}"
EndProject

Project("{FAE04EC0-301F-11D3-BF4B-00C04F79EFBC}") = "DAL", "DAL\DAL.csproj", "{865133BB-072A-4D4D-82A4-639E71C3F49B}"
EndProject

Project("{FAE04EC0-301F-11D3-BF4B-00C04F79EFBC}") = "BEL", "BEL\BEL.csproj", "{CA1CCD91-A3B9-4085-BC1D-36477FFD782C}"
EndProject

Project("{FAE04EC0-301F-11D3-BF4B-00C04F79EFBC}") = "Servicios", "Servicios\Servicios.csproj", "{8FFBD89D-43C3-428D-B770-5A0531BAC1EE}"
EndProject

Project("{FAE04EC0-301F-11D3-BF4B-00C04F79EFBC}") = "Interfaces", "Interfaces\Interfaces.csproj", "{37F7D2AF-47BB-4446-B4E7-3B1173BD1C4D}"
EndProject

Global
	GlobalSection(SolutionConfigurationPlatforms) = preSolution
		Debug|Any CPU = Debug|Any CPU
		Release|Any CPU = Release|Any CPU
	EndGlobalSection
	GlobalSection(ProjectConfigurationPlatforms) = postSolution
		{32E5C74E-AAA6-4645-B3D9-CE8F8B779DD6}.Debug|Any CPU.ActiveCfg = Debug|Any CPU
		{32E5C74E-AAA6-4645-B3D9-CE8F8B779DD6}.Debug|Any CPU.Build.0 = Debug|Any CPU
		{32E5C74E-AAA6-4645-B3D9-CE8F8B779DD6}.Release|Any CPU.ActiveCfg = Release|Any CPU
		{32E5C74E-AAA6-4645-B3D9-CE8F8B779DD6}.Release|Any CPU.Build.0 = Release|Any CPU
		{67DAEB88-02B3-4FE8-9773-4DF00F649365}.Debug|Any CPU.ActiveCfg = Debug|Any CPU
		{67DAEB88-02B3-4FE8-9773-4DF00F649365}.Debug|Any CPU.Build.0 = Debug|Any CPU
		{67DAEB88-02B3-4FE8-9773-4DF00F649365}.Release|Any CPU.ActiveCfg = Release|Any CPU
		{67DAEB88-02B3-4FE8-9773-4DF00F649365}.Release|Any CPU.Build.0 = Release|Any CPU
		{865133BB-072A-4D4D-82A4-639E71C3F49B}.Debug|Any CPU.ActiveCfg = Debug|Any CPU
		{865133BB-072A-4D4D-82A4-639E71C3F49B}.Debug|Any CPU.Build.0 = Debug|Any CPU
		{865133BB-072A-4D4D-82A4-639E71C3F49B}.Release|Any CPU.ActiveCfg = Release|Any CPU
		{865133BB-072A-4D4D-82A4-639E71C3F49B}.Release|Any CPU.Build.0 = Release|Any CPU
		{CA1CCD91-A3B9-4085-BC1D-36477FFD782C}.Debug|Any CPU.ActiveCfg = Debug|Any CPU
		{CA1CCD91-A3B9-4085-BC1D-36477FFD782C}.Debug|Any CPU.Build.0 = Debug|Any CPU
		{CA1CCD91-A3B9-4085-BC1D-36477FFD782C}.Release|Any CPU.ActiveCfg = Release|Any CPU
		{CA1CCD91-A3B9-4085-BC1D-36477FFD782C}.Release|Any CPU.Build.0 = Release|Any CPU
		{8FFBD89D-43C3-428D-B770-5A0531BAC1EE}.Debug|Any CPU.ActiveCfg = Debug|Any CPU
		{8FFBD89D-43C3-428D-B770-5A0531BAC1EE}.Debug|Any CPU.Build.0 = Debug|Any CPU
		{8FFBD89D-43C3-428D-B770-5A0531BAC1EE}.Release|Any CPU.ActiveCfg = Release|Any CPU
		{8FFBD89D-43C3-428D-B770-5A0531BAC1EE}.Release|Any CPU.Build.0 = Release|Any CPU
		{37F7D2AF-47BB-4446-B4E7-3B1173BD1C4D}.Debug|Any CPU.ActiveCfg = Debug|Any CPU
		{37F7D2AF-47BB-4446-B4E7-3B1173BD1C4D}.Debug|Any CPU.Build.0 = Debug|Any CPU
		{37F7D2AF-47BB-4446-B4E7-3B1173BD1C4D}.Release|Any CPU.ActiveCfg = Release|Any CPU
		{37F7D2AF-47BB-4446-B4E7-3B1173BD1C4D}.Release|Any CPU.Build.0 = Release|Any CPU
	EndGlobalSection
	GlobalSection(SolutionProperties) = preSolution
		HideSolutionNode = FALSE
	EndGlobalSection
	GlobalSection(ExtensibilityGlobals) = postSolution
		SolutionGuid = {B428B79E-410B-4664-88B9-82F6A4ACB6ED}
	EndGlobalSection
EndGlobal
